// !$*UTF8*$!
{
	archiveVersion = 1;
	classes = {
	};
	objectVersion = 77;
	objects = {

/* Begin PBXBuildFile section */
		A3A7C28D2F059976004E371E /* WidgetKit.framework in Frameworks */ = {isa = PBXBuildFile; fileRef = A3A7C28C2F059975004E371E /* WidgetKit.framework */; };
		A3A7C28F2F059976004E371E /* SwiftUI.framework in Frameworks */ = {isa = PBXBuildFile; fileRef = A3A7C28E2F059976004E371E /* SwiftUI.framework */; };
		A3A7C29E2F059978004E371E /* LastFastWidgetExtension.appex in Embed Foundation Extensions */ = {isa = PBXBuildFile; fileRef = A3A7C28A2F059975004E371E /* LastFastWidgetExtension.appex */; settings = {ATTRIBUTES = (RemoveHeadersOnCopy, ); }; };
		A3EFEA732F37A78300EE791F /* FirebaseAnalytics in Frameworks */ = {isa = PBXBuildFile; productRef = A3EFEA722F37A78300EE791F /* FirebaseAnalytics */; };
		A3EFEA752F37A78300EE791F /* FirebaseCrashlytics in Frameworks */ = {isa = PBXBuildFile; productRef = A3EFEA742F37A78300EE791F /* FirebaseCrashlytics */; };
		A3EFEA772F37A78300EE791F /* FirebasePerformance in Frameworks */ = {isa = PBXBuildFile; productRef = A3EFEA762F37A78300EE791F /* FirebasePerformance */; };
/* End PBXBuildFile section */

/* Begin PBXContainerItemProxy section */
		A34773152F2D6CAB00AA9686 /* PBXContainerItemProxy */ = {
			isa = PBXContainerItemProxy;
			containerPortal = A30FC22D2F0577D200E5AEC6 /* Project object */;
			proxyType = 1;
			remoteGlobalIDString = A30FC2342F0577D200E5AEC6;
			remoteInfo = LastFast;
		};
		A3A7C29C2F059978004E371E /* PBXContainerItemProxy */ = {
			isa = PBXContainerItemProxy;
			containerPortal = A30FC22D2F0577D200E5AEC6 /* Project object */;
			proxyType = 1;
			remoteGlobalIDString = A3A7C2892F059975004E371E;
			remoteInfo = LastFastWidgetExtension;
		};
		B1234567890ABCDEF0000001 /* PBXContainerItemProxy */ = {
			isa = PBXContainerItemProxy;
			containerPortal = A30FC22D2F0577D200E5AEC6 /* Project object */;
			proxyType = 1;
			remoteGlobalIDString = A30FC2342F0577D200E5AEC6;
			remoteInfo = LastFast;
		};
/* End PBXContainerItemProxy section */

/* Begin PBXCopyFilesBuildPhase section */
		A30FC28F2F05782500E5AEC6 /* Embed Watch Content */ = {
			isa = PBXCopyFilesBuildPhase;
			buildActionMask = 2147483647;
			dstPath = "$(CONTENTS_FOLDER_PATH)/Watch";
			dstSubfolderSpec = 16;
			files = (
			);
			name = "Embed Watch Content";
			runOnlyForDeploymentPostprocessing = 0;
		};
		A3A7C2A32F059978004E371E /* Embed Foundation Extensions */ = {
			isa = PBXCopyFilesBuildPhase;
			buildActionMask = 2147483647;
			dstPath = "";
			dstSubfolderSpec = 13;
			files = (
				A3A7C29E2F059978004E371E /* LastFastWidgetExtension.appex in Embed Foundation Extensions */,
			);
			name = "Embed Foundation Extensions";
			runOnlyForDeploymentPostprocessing = 0;
		};
/* End PBXCopyFilesBuildPhase section */

/* Begin PBXFileReference section */
		A30FC2352F0577D200E5AEC6 /* LastFast.app */ = {isa = PBXFileReference; explicitFileType = wrapper.application; includeInIndex = 0; path = LastFast.app; sourceTree = BUILT_PRODUCTS_DIR; };
		A34773112F2D6CAB00AA9686 /* LastFastUnitTests.xctest */ = {isa = PBXFileReference; explicitFileType = wrapper.cfbundle; includeInIndex = 0; path = LastFastUnitTests.xctest; sourceTree = BUILT_PRODUCTS_DIR; };
		A3A7C28A2F059975004E371E /* LastFastWidgetExtension.appex */ = {isa = PBXFileReference; explicitFileType = "wrapper.app-extension"; includeInIndex = 0; path = LastFastWidgetExtension.appex; sourceTree = BUILT_PRODUCTS_DIR; };
		A3A7C28C2F059975004E371E /* WidgetKit.framework */ = {isa = PBXFileReference; lastKnownFileType = wrapper.framework; name = WidgetKit.framework; path = System/Library/Frameworks/WidgetKit.framework; sourceTree = SDKROOT; };
		A3A7C28E2F059976004E371E /* SwiftUI.framework */ = {isa = PBXFileReference; lastKnownFileType = wrapper.framework; name = SwiftUI.framework; path = System/Library/Frameworks/SwiftUI.framework; sourceTree = SDKROOT; };
		A3A7C2A42F0599DE004E371E /* LastFastWidgetExtension.entitlements */ = {isa = PBXFileReference; lastKnownFileType = text.plist.entitlements; path = LastFastWidgetExtension.entitlements; sourceTree = "<group>"; };
		A3E571A22F33D86200C07F5E /* LastFastUITests.xctestplan */ = {isa = PBXFileReference; lastKnownFileType = text; name = LastFastUITests.xctestplan; path = LastFastUITests/LastFastUITests.xctestplan; sourceTree = "<group>"; };
		B1234567890ABCDEF0000010 /* LastFastUITests.xctest */ = {isa = PBXFileReference; explicitFileType = wrapper.cfbundle; includeInIndex = 0; path = LastFastUITests.xctest; sourceTree = BUILT_PRODUCTS_DIR; };
/* End PBXFileReference section */

/* Begin PBXFileSystemSynchronizedBuildFileExceptionSet section */
		A347731A2F2D6CB700AA9686 /* Exceptions for "LastFastUnitTests" folder in "LastFastUnitTests" target */ = {
			isa = PBXFileSystemSynchronizedBuildFileExceptionSet;
			membershipExceptions = (
				LastFastUnitTests.xctestplan,
			);
			target = A34773102F2D6CAB00AA9686 /* LastFastUnitTests */;
		};
		A3A7C29F2F059978004E371E /* Exceptions for "LastFastWidget" folder in "LastFastWidgetExtension" target */ = {
			isa = PBXFileSystemSynchronizedBuildFileExceptionSet;
			membershipExceptions = (
				Info.plist,
			);
			target = A3A7C2892F059975004E371E /* LastFastWidgetExtension */;
		};
		A3A7C2A62F059A03004E371E /* Exceptions for "LastFast" folder in "LastFastWidgetExtension" target */ = {
			isa = PBXFileSystemSynchronizedBuildFileExceptionSet;
			membershipExceptions = (
				Shared/Models/FastingSession.swift,
				Shared/Models/LastFastWidgetAttributes.swift,
				Shared/Utilities/DurationFormatting.swift,
			);
			target = A3A7C2892F059975004E371E /* LastFastWidgetExtension */;
		};
		A3EFEA7E2F37AA7000EE791F /* Exceptions for "LastFast" folder in "LastFast" target */ = {
			isa = PBXFileSystemSynchronizedBuildFileExceptionSet;
			membershipExceptions = (
				Info.plist,
			);
			target = A30FC2342F0577D200E5AEC6 /* LastFast */;
		};
/* End PBXFileSystemSynchronizedBuildFileExceptionSet section */

/* Begin PBXFileSystemSynchronizedRootGroup section */
		A30FC2372F0577D200E5AEC6 /* LastFast */ = {
			isa = PBXFileSystemSynchronizedRootGroup;
			exceptions = (
				A3EFEA7E2F37AA7000EE791F /* Exceptions for "LastFast" folder in "LastFast" target */,
				A3A7C2A62F059A03004E371E /* Exceptions for "LastFast" folder in "LastFastWidgetExtension" target */,
			);
			path = LastFast;
			sourceTree = "<group>";
		};
		A34773122F2D6CAB00AA9686 /* LastFastUnitTests */ = {
			isa = PBXFileSystemSynchronizedRootGroup;
			exceptions = (
				A347731A2F2D6CB700AA9686 /* Exceptions for "LastFastUnitTests" folder in "LastFastUnitTests" target */,
			);
			path = LastFastUnitTests;
			sourceTree = "<group>";
		};
		A3A7C2902F059976004E371E /* LastFastWidget */ = {
			isa = PBXFileSystemSynchronizedRootGroup;
			exceptions = (
				A3A7C29F2F059978004E371E /* Exceptions for "LastFastWidget" folder in "LastFastWidgetExtension" target */,
			);
			path = LastFastWidget;
			sourceTree = "<group>";
		};
		B1234567890ABCDEF0000020 /* LastFastUITests */ = {
			isa = PBXFileSystemSynchronizedRootGroup;
			path = LastFastUITests;
			sourceTree = "<group>";
		};
/* End PBXFileSystemSynchronizedRootGroup section */

/* Begin PBXFrameworksBuildPhase section */
		A30FC2322F0577D200E5AEC6 /* Frameworks */ = {
			isa = PBXFrameworksBuildPhase;
			buildActionMask = 2147483647;
			files = (
				A3EFEA732F37A78300EE791F /* FirebaseAnalytics in Frameworks */,
				A3EFEA752F37A78300EE791F /* FirebaseCrashlytics in Frameworks */,
				A3EFEA772F37A78300EE791F /* FirebasePerformance in Frameworks */,
			);
			runOnlyForDeploymentPostprocessing = 0;
		};
		A347730E2F2D6CAB00AA9686 /* Frameworks */ = {
			isa = PBXFrameworksBuildPhase;
			buildActionMask = 2147483647;
			files = (
			);
			runOnlyForDeploymentPostprocessing = 0;
		};
		A3A7C2872F059975004E371E /* Frameworks */ = {
			isa = PBXFrameworksBuildPhase;
			buildActionMask = 2147483647;
			files = (
				A3A7C28F2F059976004E371E /* SwiftUI.framework in Frameworks */,
				A3A7C28D2F059976004E371E /* WidgetKit.framework in Frameworks */,
			);
			runOnlyForDeploymentPostprocessing = 0;
		};
		B1234567890ABCDEF0000030 /* Frameworks */ = {
			isa = PBXFrameworksBuildPhase;
			buildActionMask = 2147483647;
			files = (
			);
			runOnlyForDeploymentPostprocessing = 0;
		};
/* End PBXFrameworksBuildPhase section */

/* Begin PBXGroup section */
		A30FC22C2F0577D200E5AEC6 = {
			isa = PBXGroup;
			children = (
				A3E571A22F33D86200C07F5E /* LastFastUITests.xctestplan */,
				A3A7C2A42F0599DE004E371E /* LastFastWidgetExtension.entitlements */,
				A30FC2372F0577D200E5AEC6 /* LastFast */,
				A3A7C2902F059976004E371E /* LastFastWidget */,
				A34773122F2D6CAB00AA9686 /* LastFastUnitTests */,
				B1234567890ABCDEF0000020 /* LastFastUITests */,
				A3A7C28B2F059975004E371E /* Frameworks */,
				A30FC2362F0577D200E5AEC6 /* Products */,
			);
			sourceTree = "<group>";
		};
		A30FC2362F0577D200E5AEC6 /* Products */ = {
			isa = PBXGroup;
			children = (
				A30FC2352F0577D200E5AEC6 /* LastFast.app */,
				A3A7C28A2F059975004E371E /* LastFastWidgetExtension.appex */,
				A34773112F2D6CAB00AA9686 /* LastFastUnitTests.xctest */,
				B1234567890ABCDEF0000010 /* LastFastUITests.xctest */,
			);
			name = Products;
			sourceTree = "<group>";
		};
		A3A7C28B2F059975004E371E /* Frameworks */ = {
			isa = PBXGroup;
			children = (
				A3A7C28C2F059975004E371E /* WidgetKit.framework */,
				A3A7C28E2F059976004E371E /* SwiftUI.framework */,
			);
			name = Frameworks;
			sourceTree = "<group>";
		};
/* End PBXGroup section */

/* Begin PBXNativeTarget section */
		A30FC2342F0577D200E5AEC6 /* LastFast */ = {
			isa = PBXNativeTarget;
			buildConfigurationList = A30FC25B2F0577D400E5AEC6 /* Build configuration list for PBXNativeTarget "LastFast" */;
			buildPhases = (
				A30FC2312F0577D200E5AEC6 /* Sources */,
				A30FC2322F0577D200E5AEC6 /* Frameworks */,
				A30FC2332F0577D200E5AEC6 /* Resources */,
				A30FC28F2F05782500E5AEC6 /* Embed Watch Content */,
				A3A7C2A32F059978004E371E /* Embed Foundation Extensions */,
			);
			buildRules = (
			);
			dependencies = (
				A3A7C29D2F059978004E371E /* PBXTargetDependency */,
			);
			fileSystemSynchronizedGroups = (
				A30FC2372F0577D200E5AEC6 /* LastFast */,
			);
			name = LastFast;
			packageProductDependencies = (
				A3EFEA722F37A78300EE791F /* FirebaseAnalytics */,
				A3EFEA742F37A78300EE791F /* FirebaseCrashlytics */,
				A3EFEA762F37A78300EE791F /* FirebasePerformance */,
			);
			productName = LastFast;
			productReference = A30FC2352F0577D200E5AEC6 /* LastFast.app */;
			productType = "com.apple.product-type.application";
		};
		A34773102F2D6CAB00AA9686 /* LastFastUnitTests */ = {
			isa = PBXNativeTarget;
			buildConfigurationList = A34773172F2D6CAB00AA9686 /* Build configuration list for PBXNativeTarget "LastFastUnitTests" */;
			buildPhases = (
				A347730D2F2D6CAB00AA9686 /* Sources */,
				A347730E2F2D6CAB00AA9686 /* Frameworks */,
				A347730F2F2D6CAB00AA9686 /* Resources */,
			);
			buildRules = (
			);
			dependencies = (
				A34773162F2D6CAB00AA9686 /* PBXTargetDependency */,
			);
			fileSystemSynchronizedGroups = (
				A34773122F2D6CAB00AA9686 /* LastFastUnitTests */,
			);
			name = LastFastUnitTests;
			packageProductDependencies = (
			);
			productName = LastFastUnitTests;
			productReference = A34773112F2D6CAB00AA9686 /* LastFastUnitTests.xctest */;
			productType = "com.apple.product-type.bundle.unit-test";
		};
		A3A7C2892F059975004E371E /* LastFastWidgetExtension */ = {
			isa = PBXNativeTarget;
			buildConfigurationList = A3A7C2A02F059978004E371E /* Build configuration list for PBXNativeTarget "LastFastWidgetExtension" */;
			buildPhases = (
				A3A7C2862F059975004E371E /* Sources */,
				A3A7C2872F059975004E371E /* Frameworks */,
				A3A7C2882F059975004E371E /* Resources */,
			);
			buildRules = (
			);
			dependencies = (
			);
			fileSystemSynchronizedGroups = (
				A3A7C2902F059976004E371E /* LastFastWidget */,
			);
			name = LastFastWidgetExtension;
			packageProductDependencies = (
			);
			productName = LastFastWidgetExtension;
			productReference = A3A7C28A2F059975004E371E /* LastFastWidgetExtension.appex */;
			productType = "com.apple.product-type.app-extension";
		};
		B1234567890ABCDEF0000000 /* LastFastUITests */ = {
			isa = PBXNativeTarget;
			buildConfigurationList = B1234567890ABCDEF0000050 /* Build configuration list for PBXNativeTarget "LastFastUITests" */;
			buildPhases = (
				B1234567890ABCDEF0000040 /* Sources */,
				B1234567890ABCDEF0000030 /* Frameworks */,
				B1234567890ABCDEF0000031 /* Resources */,
			);
			buildRules = (
			);
			dependencies = (
				B1234567890ABCDEF0000002 /* PBXTargetDependency */,
			);
			fileSystemSynchronizedGroups = (
				B1234567890ABCDEF0000020 /* LastFastUITests */,
			);
			name = LastFastUITests;
			packageProductDependencies = (
			);
			productName = LastFastUITests;
			productReference = B1234567890ABCDEF0000010 /* LastFastUITests.xctest */;
			productType = "com.apple.product-type.bundle.ui-testing";
		};
/* End PBXNativeTarget section */

/* Begin PBXProject section */
		A30FC22D2F0577D200E5AEC6 /* Project object */ = {
			isa = PBXProject;
			attributes = {
				BuildIndependentTargetsInParallel = 1;
				LastSwiftUpdateCheck = 2620;
				LastUpgradeCheck = 1620;
				TargetAttributes = {
					A30FC2342F0577D200E5AEC6 = {
						CreatedOnToolsVersion = 16.2;
					};
					A34773102F2D6CAB00AA9686 = {
						CreatedOnToolsVersion = 26.2;
						TestTargetID = A30FC2342F0577D200E5AEC6;
					};
					A3A7C2892F059975004E371E = {
						CreatedOnToolsVersion = 16.2;
					};
					B1234567890ABCDEF0000000 = {
						CreatedOnToolsVersion = 16.2;
						TestTargetID = A30FC2342F0577D200E5AEC6;
					};
				};
			};
			buildConfigurationList = A30FC2302F0577D200E5AEC6 /* Build configuration list for PBXProject "LastFast" */;
			developmentRegion = en;
			hasScannedForEncodings = 0;
			knownRegions = (
				en,
				Base,
			);
			mainGroup = A30FC22C2F0577D200E5AEC6;
			minimizedProjectReferenceProxies = 1;
			packageReferences = (
				A3EFEA712F37A78300EE791F /* XCRemoteSwiftPackageReference "firebase-ios-sdk" */,
			);
			preferredProjectObjectVersion = 77;
			productRefGroup = A30FC2362F0577D200E5AEC6 /* Products */;
			projectDirPath = "";
			projectRoot = "";
			targets = (
				A30FC2342F0577D200E5AEC6 /* LastFast */,
				A3A7C2892F059975004E371E /* LastFastWidgetExtension */,
				A34773102F2D6CAB00AA9686 /* LastFastUnitTests */,
				B1234567890ABCDEF0000000 /* LastFastUITests */,
			);
		};
/* End PBXProject section */

/* Begin PBXResourcesBuildPhase section */
		A30FC2332F0577D200E5AEC6 /* Resources */ = {
			isa = PBXResourcesBuildPhase;
			buildActionMask = 2147483647;
			files = (
			);
			runOnlyForDeploymentPostprocessing = 0;
		};
		A347730F2F2D6CAB00AA9686 /* Resources */ = {
			isa = PBXResourcesBuildPhase;
			buildActionMask = 2147483647;
			files = (
			);
			runOnlyForDeploymentPostprocessing = 0;
		};
		A3A7C2882F059975004E371E /* Resources */ = {
			isa = PBXResourcesBuildPhase;
			buildActionMask = 2147483647;
			files = (
			);
			runOnlyForDeploymentPostprocessing = 0;
		};
		B1234567890ABCDEF0000031 /* Resources */ = {
			isa = PBXResourcesBuildPhase;
			buildActionMask = 2147483647;
			files = (
			);
			runOnlyForDeploymentPostprocessing = 0;
		};
/* End PBXResourcesBuildPhase section */

/* Begin PBXSourcesBuildPhase section */
		A30FC2312F0577D200E5AEC6 /* Sources */ = {
			isa = PBXSourcesBuildPhase;
			buildActionMask = 2147483647;
			files = (
			);
			runOnlyForDeploymentPostprocessing = 0;
		};
		A347730D2F2D6CAB00AA9686 /* Sources */ = {
			isa = PBXSourcesBuildPhase;
			buildActionMask = 2147483647;
			files = (
			);
			runOnlyForDeploymentPostprocessing = 0;
		};
		A3A7C2862F059975004E371E /* Sources */ = {
			isa = PBXSourcesBuildPhase;
			buildActionMask = 2147483647;
			files = (
			);
			runOnlyForDeploymentPostprocessing = 0;
		};
		B1234567890ABCDEF0000040 /* Sources */ = {
			isa = PBXSourcesBuildPhase;
			buildActionMask = 2147483647;
			files = (
			);
			runOnlyForDeploymentPostprocessing = 0;
		};
/* End PBXSourcesBuildPhase section */

/* Begin PBXTargetDependency section */
		A34773162F2D6CAB00AA9686 /* PBXTargetDependency */ = {
			isa = PBXTargetDependency;
			target = A30FC2342F0577D200E5AEC6 /* LastFast */;
			targetProxy = A34773152F2D6CAB00AA9686 /* PBXContainerItemProxy */;
		};
		A3A7C29D2F059978004E371E /* PBXTargetDependency */ = {
			isa = PBXTargetDependency;
			target = A3A7C2892F059975004E371E /* LastFastWidgetExtension */;
			targetProxy = A3A7C29C2F059978004E371E /* PBXContainerItemProxy */;
		};
		B1234567890ABCDEF0000002 /* PBXTargetDependency */ = {
			isa = PBXTargetDependency;
			target = A30FC2342F0577D200E5AEC6 /* LastFast */;
			targetProxy = B1234567890ABCDEF0000001 /* PBXContainerItemProxy */;
		};
/* End PBXTargetDependency section */

/* Begin XCBuildConfiguration section */
		A30FC2592F0577D400E5AEC6 /* Debug */ = {
			isa = XCBuildConfiguration;
			buildSettings = {
				ALWAYS_SEARCH_USER_PATHS = NO;
				ASSETCATALOG_COMPILER_GENERATE_SWIFT_ASSET_SYMBOL_EXTENSIONS = YES;
				CLANG_ANALYZER_NONNULL = YES;
				CLANG_ANALYZER_NUMBER_OBJECT_CONVERSION = YES_AGGRESSIVE;
				CLANG_CXX_LANGUAGE_STANDARD = "gnu++20";
				CLANG_ENABLE_MODULES = YES;
				CLANG_ENABLE_OBJC_ARC = YES;
				CLANG_ENABLE_OBJC_WEAK = YES;
				CLANG_WARN_BLOCK_CAPTURE_AUTORELEASING = YES;
				CLANG_WARN_BOOL_CONVERSION = YES;
				CLANG_WARN_COMMA = YES;
				CLANG_WARN_CONSTANT_CONVERSION = YES;
				CLANG_WARN_DEPRECATED_OBJC_IMPLEMENTATIONS = YES;
				CLANG_WARN_DIRECT_OBJC_ISA_USAGE = YES_ERROR;
				CLANG_WARN_DOCUMENTATION_COMMENTS = YES;
				CLANG_WARN_EMPTY_BODY = YES;
				CLANG_WARN_ENUM_CONVERSION = YES;
				CLANG_WARN_INFINITE_RECURSION = YES;
				CLANG_WARN_INT_CONVERSION = YES;
				CLANG_WARN_NON_LITERAL_NULL_CONVERSION = YES;
				CLANG_WARN_OBJC_IMPLICIT_RETAIN_SELF = YES;
				CLANG_WARN_OBJC_LITERAL_CONVERSION = YES;
				CLANG_WARN_OBJC_ROOT_CLASS = YES_ERROR;
				CLANG_WARN_QUOTED_INCLUDE_IN_FRAMEWORK_HEADER = YES;
				CLANG_WARN_RANGE_LOOP_ANALYSIS = YES;
				CLANG_WARN_STRICT_PROTOTYPES = YES;
				CLANG_WARN_SUSPICIOUS_MOVE = YES;
				CLANG_WARN_UNGUARDED_AVAILABILITY = YES_AGGRESSIVE;
				CLANG_WARN_UNREACHABLE_CODE = YES;
				CLANG_WARN__DUPLICATE_METHOD_MATCH = YES;
				COPY_PHASE_STRIP = NO;
				DEBUG_INFORMATION_FORMAT = dwarf;
				ENABLE_STRICT_OBJC_MSGSEND = YES;
				ENABLE_TESTABILITY = YES;
				ENABLE_USER_SCRIPT_SANDBOXING = YES;
				GCC_C_LANGUAGE_STANDARD = gnu17;
				GCC_DYNAMIC_NO_PIC = NO;
				GCC_NO_COMMON_BLOCKS = YES;
				GCC_OPTIMIZATION_LEVEL = 0;
				GCC_PREPROCESSOR_DEFINITIONS = (
					"DEBUG=1",
					"$(inherited)",
				);
				GCC_WARN_64_TO_32_BIT_CONVERSION = YES;
				GCC_WARN_ABOUT_RETURN_TYPE = YES_ERROR;
				GCC_WARN_UNDECLARED_SELECTOR = YES;
				GCC_WARN_UNINITIALIZED_AUTOS = YES_AGGRESSIVE;
				GCC_WARN_UNUSED_FUNCTION = YES;
				GCC_WARN_UNUSED_VARIABLE = YES;
				IPHONEOS_DEPLOYMENT_TARGET = 18.2;
				LOCALIZATION_PREFERS_STRING_CATALOGS = YES;
				MTL_ENABLE_DEBUG_INFO = INCLUDE_SOURCE;
				MTL_FAST_MATH = YES;
				ONLY_ACTIVE_ARCH = YES;
				SDKROOT = iphoneos;
				SWIFT_ACTIVE_COMPILATION_CONDITIONS = "DEBUG $(inherited)";
				SWIFT_OPTIMIZATION_LEVEL = "-Onone";
			};
			name = Debug;
		};
		A30FC25A2F0577D400E5AEC6 /* Release */ = {
			isa = XCBuildConfiguration;
			buildSettings = {
				ALWAYS_SEARCH_USER_PATHS = NO;
				ASSETCATALOG_COMPILER_GENERATE_SWIFT_ASSET_SYMBOL_EXTENSIONS = YES;
				CLANG_ANALYZER_NONNULL = YES;
				CLANG_ANALYZER_NUMBER_OBJECT_CONVERSION = YES_AGGRESSIVE;
				CLANG_CXX_LANGUAGE_STANDARD = "gnu++20";
				CLANG_ENABLE_MODULES = YES;
				CLANG_ENABLE_OBJC_ARC = YES;
				CLANG_ENABLE_OBJC_WEAK = YES;
				CLANG_WARN_BLOCK_CAPTURE_AUTORELEASING = YES;
				CLANG_WARN_BOOL_CONVERSION = YES;
				CLANG_WARN_COMMA = YES;
				CLANG_WARN_CONSTANT_CONVERSION = YES;
				CLANG_WARN_DEPRECATED_OBJC_IMPLEMENTATIONS = YES;
				CLANG_WARN_DIRECT_OBJC_ISA_USAGE = YES_ERROR;
				CLANG_WARN_DOCUMENTATION_COMMENTS = YES;
				CLANG_WARN_EMPTY_BODY = YES;
				CLANG_WARN_ENUM_CONVERSION = YES;
				CLANG_WARN_INFINITE_RECURSION = YES;
				CLANG_WARN_INT_CONVERSION = YES;
				CLANG_WARN_NON_LITERAL_NULL_CONVERSION = YES;
				CLANG_WARN_OBJC_IMPLICIT_RETAIN_SELF = YES;
				CLANG_WARN_OBJC_LITERAL_CONVERSION = YES;
				CLANG_WARN_OBJC_ROOT_CLASS = YES_ERROR;
				CLANG_WARN_QUOTED_INCLUDE_IN_FRAMEWORK_HEADER = YES;
				CLANG_WARN_RANGE_LOOP_ANALYSIS = YES;
				CLANG_WARN_STRICT_PROTOTYPES = YES;
				CLANG_WARN_SUSPICIOUS_MOVE = YES;
				CLANG_WARN_UNGUARDED_AVAILABILITY = YES_AGGRESSIVE;
				CLANG_WARN_UNREACHABLE_CODE = YES;
				CLANG_WARN__DUPLICATE_METHOD_MATCH = YES;
				COPY_PHASE_STRIP = NO;
				DEBUG_INFORMATION_FORMAT = "dwarf-with-dsym";
				ENABLE_NS_ASSERTIONS = NO;
				ENABLE_STRICT_OBJC_MSGSEND = YES;
				ENABLE_USER_SCRIPT_SANDBOXING = YES;
				GCC_C_LANGUAGE_STANDARD = gnu17;
				GCC_NO_COMMON_BLOCKS = YES;
				GCC_WARN_64_TO_32_BIT_CONVERSION = YES;
				GCC_WARN_ABOUT_RETURN_TYPE = YES_ERROR;
				GCC_WARN_UNDECLARED_SELECTOR = YES;
				GCC_WARN_UNINITIALIZED_AUTOS = YES_AGGRESSIVE;
				GCC_WARN_UNUSED_FUNCTION = YES;
				GCC_WARN_UNUSED_VARIABLE = YES;
				IPHONEOS_DEPLOYMENT_TARGET = 18.2;
				LOCALIZATION_PREFERS_STRING_CATALOGS = YES;
				MTL_ENABLE_DEBUG_INFO = NO;
				MTL_FAST_MATH = YES;
				SDKROOT = iphoneos;
				SWIFT_COMPILATION_MODE = wholemodule;
				VALIDATE_PRODUCT = YES;
			};
			name = Release;
		};
		A30FC25C2F0577D400E5AEC6 /* Debug */ = {
			isa = XCBuildConfiguration;
			buildSettings = {
				ASSETCATALOG_COMPILER_APPICON_NAME = AppIcon;
				ASSETCATALOG_COMPILER_GLOBAL_ACCENT_COLOR_NAME = AccentColor;
				CODE_SIGN_ENTITLEMENTS = LastFast/LastFast.entitlements;
				CODE_SIGN_STYLE = Automatic;
				CURRENT_PROJECT_VERSION = 1;
				DEVELOPMENT_ASSET_PATHS = "\"LastFast/Preview Content\"";
				DEVELOPMENT_TEAM = C7F3D3W6BZ;
				ENABLE_PREVIEWS = YES;
				GENERATE_INFOPLIST_FILE = YES;
				INFOPLIST_FILE = LastFast/Info.plist;
				INFOPLIST_KEY_CFBundleDisplayName = "Last Fast";
				INFOPLIST_KEY_NSSiriUsageDescription = "Allows you to start and stop fasting with your voice";
				INFOPLIST_KEY_NSSupportsLiveActivities = YES;
				INFOPLIST_KEY_NSUserTrackingUsageDescription = "This allows us to collect data to\n         improve your app experience.";
				INFOPLIST_KEY_UIApplicationSceneManifest_Generation = YES;
				INFOPLIST_KEY_UIApplicationSupportsIndirectInputEvents = YES;
				INFOPLIST_KEY_UILaunchScreen_Generation = YES;
				INFOPLIST_KEY_UISupportedInterfaceOrientations_iPad = "UIInterfaceOrientationPortrait UIInterfaceOrientationPortraitUpsideDown UIInterfaceOrientationLandscapeLeft UIInterfaceOrientationLandscapeRight";
				INFOPLIST_KEY_UISupportedInterfaceOrientations_iPhone = "UIInterfaceOrientationPortrait UIInterfaceOrientationLandscapeLeft UIInterfaceOrientationLandscapeRight";
				LD_RUNPATH_SEARCH_PATHS = (
					"$(inherited)",
					"@executable_path/Frameworks",
				);
				MARKETING_VERSION = 1.0;
				OTHER_LDFLAGS = "-ObjC";
				PRODUCT_BUNDLE_IDENTIFIER = dev.stringer.lastfast;
				PRODUCT_NAME = "$(TARGET_NAME)";
				SUPPORTED_PLATFORMS = "iphoneos iphonesimulator";
				SUPPORTS_MACCATALYST = NO;
				SUPPORTS_XR_DESIGNED_FOR_IPHONE_IPAD = NO;
				SWIFT_EMIT_LOC_STRINGS = YES;
				SWIFT_VERSION = 5.0;
				TARGETED_DEVICE_FAMILY = 1;
			};
			name = Debug;
		};
		A30FC25D2F0577D400E5AEC6 /* Release */ = {
			isa = XCBuildConfiguration;
			buildSettings = {
				ASSETCATALOG_COMPILER_APPICON_NAME = AppIcon;
				ASSETCATALOG_COMPILER_GLOBAL_ACCENT_COLOR_NAME = AccentColor;
				CODE_SIGN_ENTITLEMENTS = LastFast/LastFast.entitlements;
				CODE_SIGN_STYLE = Automatic;
				CURRENT_PROJECT_VERSION = 1;
				DEVELOPMENT_ASSET_PATHS = "\"LastFast/Preview Content\"";
				DEVELOPMENT_TEAM = C7F3D3W6BZ;
				ENABLE_PREVIEWS = YES;
				GENERATE_INFOPLIST_FILE = YES;
				INFOPLIST_FILE = LastFast/Info.plist;
				INFOPLIST_KEY_CFBundleDisplayName = "Last Fast";
				INFOPLIST_KEY_NSSiriUsageDescription = "Allows you to start and stop fasting with your voice";
				INFOPLIST_KEY_NSSupportsLiveActivities = YES;
				INFOPLIST_KEY_NSUserTrackingUsageDescription = "This allows us to collect data to\n         improve your app experience.";
				INFOPLIST_KEY_UIApplicationSceneManifest_Generation = YES;
				INFOPLIST_KEY_UIApplicationSupportsIndirectInputEvents = YES;
				INFOPLIST_KEY_UILaunchScreen_Generation = YES;
				INFOPLIST_KEY_UISupportedInterfaceOrientations_iPad = "UIInterfaceOrientationPortrait UIInterfaceOrientationPortraitUpsideDown UIInterfaceOrientationLandscapeLeft UIInterfaceOrientationLandscapeRight";
				INFOPLIST_KEY_UISupportedInterfaceOrientations_iPhone = "UIInterfaceOrientationPortrait UIInterfaceOrientationLandscapeLeft UIInterfaceOrientationLandscapeRight";
				LD_RUNPATH_SEARCH_PATHS = (
					"$(inherited)",
					"@executable_path/Frameworks",
				);
				MARKETING_VERSION = 1.0;
				OTHER_LDFLAGS = "-ObjC";
				PRODUCT_BUNDLE_IDENTIFIER = dev.stringer.lastfast;
				PRODUCT_NAME = "$(TARGET_NAME)";
				SUPPORTED_PLATFORMS = "iphoneos iphonesimulator";
				SUPPORTS_MACCATALYST = NO;
				SUPPORTS_XR_DESIGNED_FOR_IPHONE_IPAD = NO;
				SWIFT_EMIT_LOC_STRINGS = YES;
				SWIFT_VERSION = 5.0;
				TARGETED_DEVICE_FAMILY = 1;
			};
			name = Release;
		};
		A34773182F2D6CAB00AA9686 /* Debug */ = {
			isa = XCBuildConfiguration;
			buildSettings = {
				BUNDLE_LOADER = "$(TEST_HOST)";
				CODE_SIGN_STYLE = Automatic;
				CURRENT_PROJECT_VERSION = 1;
				DEVELOPMENT_TEAM = C7F3D3W6BZ;
				GENERATE_INFOPLIST_FILE = YES;
				IPHONEOS_DEPLOYMENT_TARGET = 26.2;
				MACOSX_DEPLOYMENT_TARGET = 26.2;
				MARKETING_VERSION = 1.0;
				PRODUCT_BUNDLE_IDENTIFIER = "dev.stringer.fasting-tracker.LastFastUnitTests";
				PRODUCT_NAME = "$(TARGET_NAME)";
				SDKROOT = auto;
				STRING_CATALOG_GENERATE_SYMBOLS = NO;
				SUPPORTED_PLATFORMS = "iphoneos iphonesimulator macosx";
				SUPPORTS_MACCATALYST = NO;
				SWIFT_APPROACHABLE_CONCURRENCY = YES;
				SWIFT_EMIT_LOC_STRINGS = NO;
				SWIFT_UPCOMING_FEATURE_MEMBER_IMPORT_VISIBILITY = YES;
				SWIFT_VERSION = 5.0;
				TARGETED_DEVICE_FAMILY = 1;
				TEST_HOST = "$(BUILT_PRODUCTS_DIR)/LastFast.app/$(BUNDLE_EXECUTABLE_FOLDER_PATH)/LastFast";
				XROS_DEPLOYMENT_TARGET = 26.2;
			};
			name = Debug;
		};
		A34773192F2D6CAB00AA9686 /* Release */ = {
			isa = XCBuildConfiguration;
			buildSettings = {
				BUNDLE_LOADER = "$(TEST_HOST)";
				CODE_SIGN_STYLE = Automatic;
				CURRENT_PROJECT_VERSION = 1;
				DEVELOPMENT_TEAM = C7F3D3W6BZ;
				GENERATE_INFOPLIST_FILE = YES;
				IPHONEOS_DEPLOYMENT_TARGET = 26.2;
				MACOSX_DEPLOYMENT_TARGET = 26.2;
				MARKETING_VERSION = 1.0;
				PRODUCT_BUNDLE_IDENTIFIER = "dev.stringer.fasting-tracker.LastFastUnitTests";
				PRODUCT_NAME = "$(TARGET_NAME)";
				SDKROOT = auto;
				STRING_CATALOG_GENERATE_SYMBOLS = NO;
				SUPPORTED_PLATFORMS = "iphoneos iphonesimulator macosx";
				SUPPORTS_MACCATALYST = NO;
				SWIFT_APPROACHABLE_CONCURRENCY = YES;
				SWIFT_EMIT_LOC_STRINGS = NO;
				SWIFT_UPCOMING_FEATURE_MEMBER_IMPORT_VISIBILITY = YES;
				SWIFT_VERSION = 5.0;
				TARGETED_DEVICE_FAMILY = 1;
				TEST_HOST = "$(BUILT_PRODUCTS_DIR)/LastFast.app/$(BUNDLE_EXECUTABLE_FOLDER_PATH)/LastFast";
				XROS_DEPLOYMENT_TARGET = 26.2;
			};
			name = Release;
		};
		A3A7C2A12F059978004E371E /* Debug */ = {
			isa = XCBuildConfiguration;
			buildSettings = {
				ASSETCATALOG_COMPILER_GLOBAL_ACCENT_COLOR_NAME = AccentColor;
				ASSETCATALOG_COMPILER_WIDGET_BACKGROUND_COLOR_NAME = WidgetBackground;
				CODE_SIGN_ENTITLEMENTS = LastFastWidgetExtension.entitlements;
				CODE_SIGN_STYLE = Automatic;
				CURRENT_PROJECT_VERSION = 1;
				DEVELOPMENT_TEAM = C7F3D3W6BZ;
				GENERATE_INFOPLIST_FILE = YES;
				INFOPLIST_FILE = LastFastWidget/Info.plist;
				INFOPLIST_KEY_CFBundleDisplayName = "Last Fast";
				INFOPLIST_KEY_NSHumanReadableCopyright = "";
				LD_RUNPATH_SEARCH_PATHS = (
					"$(inherited)",
					"@executable_path/Frameworks",
					"@executable_path/../../Frameworks",
				);
				MARKETING_VERSION = 1.0;
				PRODUCT_BUNDLE_IDENTIFIER = dev.stringer.lastfast.widget;
				PRODUCT_NAME = "$(TARGET_NAME)";
				SKIP_INSTALL = YES;
				SUPPORTED_PLATFORMS = "iphoneos iphonesimulator";
				SUPPORTS_MACCATALYST = NO;
				SUPPORTS_XR_DESIGNED_FOR_IPHONE_IPAD = NO;
				SWIFT_EMIT_LOC_STRINGS = YES;
				SWIFT_VERSION = 5.0;
				TARGETED_DEVICE_FAMILY = 1;
			};
			name = Debug;
		};
		A3A7C2A22F059978004E371E /* Release */ = {
			isa = XCBuildConfiguration;
			buildSettings = {
				ASSETCATALOG_COMPILER_GLOBAL_ACCENT_COLOR_NAME = AccentColor;
				ASSETCATALOG_COMPILER_WIDGET_BACKGROUND_COLOR_NAME = WidgetBackground;
				CODE_SIGN_ENTITLEMENTS = LastFastWidgetExtension.entitlements;
				CODE_SIGN_STYLE = Automatic;
				CURRENT_PROJECT_VERSION = 1;
				DEVELOPMENT_TEAM = C7F3D3W6BZ;
				GENERATE_INFOPLIST_FILE = YES;
				INFOPLIST_FILE = LastFastWidget/Info.plist;
				INFOPLIST_KEY_CFBundleDisplayName = "Last Fast";
				INFOPLIST_KEY_NSHumanReadableCopyright = "";
				LD_RUNPATH_SEARCH_PATHS = (
					"$(inherited)",
					"@executable_path/Frameworks",
					"@executable_path/../../Frameworks",
				);
				MARKETING_VERSION = 1.0;
				PRODUCT_BUNDLE_IDENTIFIER = dev.stringer.lastfast.widget;
				PRODUCT_NAME = "$(TARGET_NAME)";
				SKIP_INSTALL = YES;
				SUPPORTED_PLATFORMS = "iphoneos iphonesimulator";
				SUPPORTS_MACCATALYST = NO;
				SUPPORTS_XR_DESIGNED_FOR_IPHONE_IPAD = NO;
				SWIFT_EMIT_LOC_STRINGS = YES;
				SWIFT_VERSION = 5.0;
				TARGETED_DEVICE_FAMILY = 1;
			};
			name = Release;
		};
		B1234567890ABCDEF0000060 /* Debug */ = {
			isa = XCBuildConfiguration;
			buildSettings = {
				CODE_SIGN_STYLE = Automatic;
				CURRENT_PROJECT_VERSION = 1;
				DEVELOPMENT_TEAM = C7F3D3W6BZ;
				GENERATE_INFOPLIST_FILE = YES;
				IPHONEOS_DEPLOYMENT_TARGET = 18.2;
				MARKETING_VERSION = 1.0;
				PRODUCT_BUNDLE_IDENTIFIER = dev.stringer.lastfast.uitests;
				PRODUCT_NAME = "$(TARGET_NAME)";
				SWIFT_EMIT_LOC_STRINGS = NO;
				SWIFT_VERSION = 5.0;
				TARGETED_DEVICE_FAMILY = "1,2";
				TEST_TARGET_NAME = LastFast;
			};
			name = Debug;
		};
		B1234567890ABCDEF0000061 /* Release */ = {
			isa = XCBuildConfiguration;
			buildSettings = {
				CODE_SIGN_STYLE = Automatic;
				CURRENT_PROJECT_VERSION = 1;
				DEVELOPMENT_TEAM = C7F3D3W6BZ;
				GENERATE_INFOPLIST_FILE = YES;
				IPHONEOS_DEPLOYMENT_TARGET = 18.2;
				MARKETING_VERSION = 1.0;
				PRODUCT_BUNDLE_IDENTIFIER = dev.stringer.lastfast.uitests;
				PRODUCT_NAME = "$(TARGET_NAME)";
				SWIFT_EMIT_LOC_STRINGS = NO;
				SWIFT_VERSION = 5.0;
				TARGETED_DEVICE_FAMILY = "1,2";
				TEST_TARGET_NAME = LastFast;
			};
			name = Release;
		};
/* End XCBuildConfiguration section */

/* Begin XCConfigurationList section */
		A30FC2302F0577D200E5AEC6 /* Build configuration list for PBXProject "LastFast" */ = {
			isa = XCConfigurationList;
			buildConfigurations = (
				A30FC2592F0577D400E5AEC6 /* Debug */,
				A30FC25A2F0577D400E5AEC6 /* Release */,
			);
			defaultConfigurationIsVisible = 0;
			defaultConfigurationName = Release;
		};
		A30FC25B2F0577D400E5AEC6 /* Build configuration list for PBXNativeTarget "LastFast" */ = {
			isa = XCConfigurationList;
			buildConfigurations = (
				A30FC25C2F0577D400E5AEC6 /* Debug */,
				A30FC25D2F0577D400E5AEC6 /* Release */,
			);
			defaultConfigurationIsVisible = 0;
			defaultConfigurationName = Release;
		};
		A34773172F2D6CAB00AA9686 /* Build configuration list for PBXNativeTarget "LastFastUnitTests" */ = {
			isa = XCConfigurationList;
			buildConfigurations = (
				A34773182F2D6CAB00AA9686 /* Debug */,
				A34773192F2D6CAB00AA9686 /* Release */,
			);
			defaultConfigurationIsVisible = 0;
			defaultConfigurationName = Release;
		};
		A3A7C2A02F059978004E371E /* Build configuration list for PBXNativeTarget "LastFastWidgetExtension" */ = {
			isa = XCConfigurationList;
			buildConfigurations = (
				A3A7C2A12F059978004E371E /* Debug */,
				A3A7C2A22F059978004E371E /* Release */,
			);
			defaultConfigurationIsVisible = 0;
			defaultConfigurationName = Release;
		};
		B1234567890ABCDEF0000050 /* Build configuration list for PBXNativeTarget "LastFastUITests" */ = {
			isa = XCConfigurationList;
			buildConfigurations = (
				B1234567890ABCDEF0000060 /* Debug */,
				B1234567890ABCDEF0000061 /* Release */,
			);
			defaultConfigurationIsVisible = 0;
			defaultConfigurationName = Release;
		};
/* End XCConfigurationList section */

/* Begin XCRemoteSwiftPackageReference section */
		A3EFEA712F37A78300EE791F /* XCRemoteSwiftPackageReference "firebase-ios-sdk" */ = {
			isa = XCRemoteSwiftPackageReference;
			repositoryURL = "https://github.com/firebase/firebase-ios-sdk.git";
			requirement = {
				kind = upToNextMajorVersion;
				minimumVersion = 12.9.0;
			};
		};
/* End XCRemoteSwiftPackageReference section */

/* Begin XCSwiftPackageProductDependency section */
		A3EFEA722F37A78300EE791F /* FirebaseAnalytics */ = {
			isa = XCSwiftPackageProductDependency;
			package = A3EFEA712F37A78300EE791F /* XCRemoteSwiftPackageReference "firebase-ios-sdk" */;
			productName = FirebaseAnalytics;
		};
		A3EFEA742F37A78300EE791F /* FirebaseCrashlytics */ = {
			isa = XCSwiftPackageProductDependency;
			package = A3EFEA712F37A78300EE791F /* XCRemoteSwiftPackageReference "firebase-ios-sdk" */;
			productName = FirebaseCrashlytics;
		};
		A3EFEA762F37A78300EE791F /* FirebasePerformance */ = {
			isa = XCSwiftPackageProductDependency;
			package = A3EFEA712F37A78300EE791F /* XCRemoteSwiftPackageReference "firebase-ios-sdk" */;
			productName = FirebasePerformance;
		};
/* End XCSwiftPackageProductDependency section */
	};
	rootObject = A30FC22D2F0577D200E5AEC6 /* Project object */;
}
